
Microsoft Visual Studio Solution File, Format Version 11.00
# Visual Studio 2010
Project("{FAE04EC0-301F-11D3-BF4B-00C04F79EFBC}") = "Escape_rain", "Assembly-CSharp.csproj", "{4E259106-CE54-91F7-E125-A19A94C0353A}"
EndProject
Project("{FAE04EC0-301F-11D3-BF4B-00C04F79EFBC}") = "Escape_rain", "Assembly-CSharp-Editor.csproj", "{49369343-F004-22AA-07B3-C0D367197D10}"
EndProject
Global
	GlobalSection(SolutionConfigurationPlatforms) = preSolution
		Debug|Any CPU = Debug|Any CPU
		Release|Any CPU = Release|Any CPU
	EndGlobalSection
	GlobalSection(ProjectConfigurationPlatforms) = postSolution
		{4E259106-CE54-91F7-E125-A19A94C0353A}.Debug|Any CPU.ActiveCfg = Debug|Any CPU
		{4E259106-CE54-91F7-E125-A19A94C0353A}.Debug|Any CPU.Build.0 = Debug|Any CPU
		{4E259106-CE54-91F7-E125-A19A94C0353A}.Release|Any CPU.ActiveCfg = Release|Any CPU
		{4E259106-CE54-91F7-E125-A19A94C0353A}.Release|Any CPU.Build.0 = Release|Any CPU
		{49369343-F004-22AA-07B3-C0D367197D10}.Debug|Any CPU.ActiveCfg = Debug|Any CPU
		{49369343-F004-22AA-07B3-C0D367197D10}.Debug|Any CPU.Build.0 = Debug|Any CPU
		{49369343-F004-22AA-07B3-C0D367197D10}.Release|Any CPU.ActiveCfg = Release|Any CPU
		{49369343-F004-22AA-07B3-C0D367197D10}.Release|Any CPU.Build.0 = Release|Any CPU
	EndGlobalSection
	GlobalSection(SolutionProperties) = preSolution
		HideSolutionNode = FALSE
	EndGlobalSection
	GlobalSection(MonoDevelopProperties) = preSolution
		StartupItem = Assembly-CSharp.csproj
	EndGlobalSection
EndGlobal
